
Microsoft Visual Studio Solution File, Format Version 12.00
# Visual Studio Version 17
VisualStudioVersion = 17.12.35514.174 d17.12
MinimumVisualStudioVersion = 10.0.40219.1
Project("{FAE04EC0-301F-11D3-BF4B-00C04F79EFBC}") = "2.3", "2.3\2.3.csproj", "{7B68BFF3-3F00-4116-937F-E8CEC7171127}"
EndProject
Global
	GlobalSection(SolutionConfigurationPlatforms) = preSolution
		Debug|Any CPU = Debug|Any CPU
		Release|Any CPU = Release|Any CPU
	EndGlobalSection
	GlobalSection(ProjectConfigurationPlatforms) = postSolution
		{7B68BFF3-3F00-4116-937F-E8CEC7171127}.Debug|Any CPU.ActiveCfg = Debug|Any CPU
		{7B68BFF3-3F00-4116-937F-E8CEC7171127}.Debug|Any CPU.Build.0 = Debug|Any CPU
		{7B68BFF3-3F00-4116-937F-E8CEC7171127}.Release|Any CPU.ActiveCfg = Release|Any CPU
		{7B68BFF3-3F00-4116-937F-E8CEC7171127}.Release|Any CPU.Build.0 = Release|Any CPU
	EndGlobalSection
	GlobalSection(SolutionProperties) = preSolution
		HideSolutionNode = FALSE
	EndGlobalSection
EndGlobal
