
Microsoft Visual Studio Solution File, Format Version 12.00
# Visual Studio Version 17
VisualStudioVersion = 17.12.35514.174 d17.12
MinimumVisualStudioVersion = 10.0.40219.1
Project("{FAE04EC0-301F-11D3-BF4B-00C04F79EFBC}") = "9.7", "9.7\9.7.csproj", "{736F6845-1865-4B8B-B941-4316E5DDEA14}"
EndProject
Global
	GlobalSection(SolutionConfigurationPlatforms) = preSolution
		Debug|Any CPU = Debug|Any CPU
		Release|Any CPU = Release|Any CPU
	EndGlobalSection
	GlobalSection(ProjectConfigurationPlatforms) = postSolution
		{736F6845-1865-4B8B-B941-4316E5DDEA14}.Debug|Any CPU.ActiveCfg = Debug|Any CPU
		{736F6845-1865-4B8B-B941-4316E5DDEA14}.Debug|Any CPU.Build.0 = Debug|Any CPU
		{736F6845-1865-4B8B-B941-4316E5DDEA14}.Release|Any CPU.ActiveCfg = Release|Any CPU
		{736F6845-1865-4B8B-B941-4316E5DDEA14}.Release|Any CPU.Build.0 = Release|Any CPU
	EndGlobalSection
	GlobalSection(SolutionProperties) = preSolution
		HideSolutionNode = FALSE
	EndGlobalSection
EndGlobal
